{
  "version": "5",
  "specifiers": {
    "jsr:@std/assert@^1.0.17": "1.0.17",
    "jsr:@std/internal@^1.0.12": "1.0.12",
    "npm:rxjs@^7.8.2": "7.8.2"
  },
  "jsr": {
    "@std/assert@1.0.17": {
      "integrity": "df5ebfffe77c03b3fa1401e11c762cc8f603d51021c56c4d15a8c7ab45e90dbe",
      "dependencies": [
        "jsr:@std/internal"
      ]
    },
    "@std/internal@1.0.12": {
      "integrity": "972a634fd5bc34b242024402972cd5143eac68d8dffaca5eaa4dba30ce17b027"
    }
  },
  "npm": {
    "rxjs@7.8.2": {
      "integrity": "sha512-dhKf903U/PQZY6boNNtAGdWbG85WAbjT/1xYoZIC7FAY0yWapOBQVsVrDl58W86//e1VpMNBtRV4MaXfdMySFA==",
      "dependencies": [
        "tslib"
      ]
    },
    "tslib@2.8.1": {
      "integrity": "sha512-oJFu94HQb+KVduSUQL7wnpmqnfmLsOA/nAh6b6EH0wCEoK0/mPeXU6c3wKDV83MkOuHPRHtSXKKU99IBazS/2w=="
    }
  },
  "workspace": {
    "dependencies": [
      "jsr:@std/assert@^1.0.17"
    ],
    "members": {
      "rxjs-interop": {
        "dependencies": [
          "npm:rxjs@^7.8.2"
        ]
      }
    }
  }
}
